
Microsoft Visual Studio Solution File, Format Version 12.00
# Visual Studio Version 17
VisualStudioVersion = 17.7.34009.444
MinimumVisualStudioVersion = 10.0.40219.1
Project("{FAE04EC0-301F-11D3-BF4B-00C04F79EFBC}") = "ConsoleGame", "ConsoleGame\ConsoleGame.csproj", "{4A6E06A3-D1D5-450B-B05C-933875F43D30}"
EndProject
Global
	GlobalSection(SolutionConfigurationPlatforms) = preSolution
		Debug|Any CPU = Debug|Any CPU
		Release|Any CPU = Release|Any CPU
	EndGlobalSection
	GlobalSection(ProjectConfigurationPlatforms) = postSolution
		{4A6E06A3-D1D5-450B-B05C-933875F43D30}.Debug|Any CPU.ActiveCfg = Debug|Any CPU
		{4A6E06A3-D1D5-450B-B05C-933875F43D30}.Debug|Any CPU.Build.0 = Debug|Any CPU
		{4A6E06A3-D1D5-450B-B05C-933875F43D30}.Release|Any CPU.ActiveCfg = Release|Any CPU
		{4A6E06A3-D1D5-450B-B05C-933875F43D30}.Release|Any CPU.Build.0 = Release|Any CPU
	EndGlobalSection
	GlobalSection(SolutionProperties) = preSolution
		HideSolutionNode = FALSE
	EndGlobalSection
	GlobalSection(ExtensibilityGlobals) = postSolution
		SolutionGuid = {4F35A654-4154-48C4-A593-E7192D3B6B20}
	EndGlobalSection
EndGlobal
